
Microsoft Visual Studio Solution File, Format Version 12.00
# Visual Studio Version 16
VisualStudioVersion = 16.0.32510.428
MinimumVisualStudioVersion = 10.0.40219.1
Project("{FAE04EC0-301F-11D3-BF4B-00C04F79EFBC}") = "PenShop", "PenShop\PenShop.csproj", "{7F681B0B-8153-4AC7-8B18-B193F991FFC8}"
EndProject
Global
	GlobalSection(SolutionConfigurationPlatforms) = preSolution
		Debug|Any CPU = Debug|Any CPU
		Release|Any CPU = Release|Any CPU
	EndGlobalSection
	GlobalSection(ProjectConfigurationPlatforms) = postSolution
		{7F681B0B-8153-4AC7-8B18-B193F991FFC8}.Debug|Any CPU.ActiveCfg = Debug|Any CPU
		{7F681B0B-8153-4AC7-8B18-B193F991FFC8}.Debug|Any CPU.Build.0 = Debug|Any CPU
		{7F681B0B-8153-4AC7-8B18-B193F991FFC8}.Release|Any CPU.ActiveCfg = Release|Any CPU
		{7F681B0B-8153-4AC7-8B18-B193F991FFC8}.Release|Any CPU.Build.0 = Release|Any CPU
	EndGlobalSection
	GlobalSection(SolutionProperties) = preSolution
		HideSolutionNode = FALSE
	EndGlobalSection
	GlobalSection(ExtensibilityGlobals) = postSolution
		SolutionGuid = {9BC42CD9-F3BF-4876-A513-1350EEBDF04F}
	EndGlobalSection
EndGlobal
